
Microsoft Visual Studio Solution File, Format Version 12.00
Project("{FAE04EC0-301F-11D3-BF4B-00C04F79EFBC}") = "Project", "Project\Project.csproj", "{C1A6A2F9-A24F-4C22-AB76-BA41DD8C0FFE}"
EndProject
Global
	GlobalSection(SolutionConfigurationPlatforms) = preSolution
		Debug|Any CPU = Debug|Any CPU
		Release|Any CPU = Release|Any CPU
	EndGlobalSection
	GlobalSection(ProjectConfigurationPlatforms) = postSolution
		{C1A6A2F9-A24F-4C22-AB76-BA41DD8C0FFE}.Debug|Any CPU.ActiveCfg = Debug|Any CPU
		{C1A6A2F9-A24F-4C22-AB76-BA41DD8C0FFE}.Debug|Any CPU.Build.0 = Debug|Any CPU
		{C1A6A2F9-A24F-4C22-AB76-BA41DD8C0FFE}.Release|Any CPU.ActiveCfg = Release|Any CPU
		{C1A6A2F9-A24F-4C22-AB76-BA41DD8C0FFE}.Release|Any CPU.Build.0 = Release|Any CPU
	EndGlobalSection
EndGlobal
